// !$*UTF8*$!
{
	archiveVersion = 1;
	classes = {
	};
	objectVersion = 54;
	objects = {

/* Begin PBXBuildFile section */
		364AE1A9EB44F7F78A96ED3F /* Pods_SteamAppTests.framework in Frameworks */ = {isa = PBXBuildFile; fileRef = 994934F24D8960C13059F160 /* Pods_SteamAppTests.framework */; };
		3F4F76C32710AFB00032A48B /* AppDelegate.swift in Sources */ = {isa = PBXBuildFile; fileRef = 3F4F76C22710AFB00032A48B /* AppDelegate.swift */; };
		3F4F76C52710AFB00032A48B /* SceneDelegate.swift in Sources */ = {isa = PBXBuildFile; fileRef = 3F4F76C42710AFB00032A48B /* SceneDelegate.swift */; };
		3F4F76CD2710AFB00032A48B /* SteamApp.xcdatamodeld in Sources */ = {isa = PBXBuildFile; fileRef = 3F4F76CB2710AFB00032A48B /* SteamApp.xcdatamodeld */; };
		3F4F76CF2710AFB20032A48B /* Assets.xcassets in Resources */ = {isa = PBXBuildFile; fileRef = 3F4F76CE2710AFB20032A48B /* Assets.xcassets */; };
		3F4F76D22710AFB20032A48B /* LaunchScreen.storyboard in Resources */ = {isa = PBXBuildFile; fileRef = 3F4F76D02710AFB20032A48B /* LaunchScreen.storyboard */; };
		3F4F76DD2710AFB20032A48B /* SteamAppTests.swift in Sources */ = {isa = PBXBuildFile; fileRef = 3F4F76DC2710AFB20032A48B /* SteamAppTests.swift */; };
		3F4F76E72710AFB20032A48B /* SteamAppUITests.swift in Sources */ = {isa = PBXBuildFile; fileRef = 3F4F76E62710AFB20032A48B /* SteamAppUITests.swift */; };
		3F4F76E92710AFB20032A48B /* SteamAppUITestsLaunchTests.swift in Sources */ = {isa = PBXBuildFile; fileRef = 3F4F76E82710AFB20032A48B /* SteamAppUITestsLaunchTests.swift */; };
		3F4F77112710AFD10032A48B /* MainViewHeaderCell.swift in Sources */ = {isa = PBXBuildFile; fileRef = 3F4F76F62710AFD00032A48B /* MainViewHeaderCell.swift */; };
		3F4F77122710AFD10032A48B /* MainViewHeaderCell.swift in Sources */ = {isa = PBXBuildFile; fileRef = 3F4F76F62710AFD00032A48B /* MainViewHeaderCell.swift */; };
		3F4F77132710AFD10032A48B /* MainViewHeaderCell.swift in Sources */ = {isa = PBXBuildFile; fileRef = 3F4F76F62710AFD00032A48B /* MainViewHeaderCell.swift */; };
		3F4F77142710AFD10032A48B /* PokedexCell.swift in Sources */ = {isa = PBXBuildFile; fileRef = 3F4F76F72710AFD00032A48B /* PokedexCell.swift */; };
		3F4F77152710AFD10032A48B /* PokedexCell.swift in Sources */ = {isa = PBXBuildFile; fileRef = 3F4F76F72710AFD00032A48B /* PokedexCell.swift */; };
		3F4F77162710AFD10032A48B /* PokedexCell.swift in Sources */ = {isa = PBXBuildFile; fileRef = 3F4F76F72710AFD00032A48B /* PokedexCell.swift */; };
		3F4F77172710AFD10032A48B /* UIView.swift in Sources */ = {isa = PBXBuildFile; fileRef = 3F4F76FA2710AFD00032A48B /* UIView.swift */; };
		3F4F77182710AFD10032A48B /* UIView.swift in Sources */ = {isa = PBXBuildFile; fileRef = 3F4F76FA2710AFD00032A48B /* UIView.swift */; };
		3F4F77192710AFD10032A48B /* UIView.swift in Sources */ = {isa = PBXBuildFile; fileRef = 3F4F76FA2710AFD00032A48B /* UIView.swift */; };
		3F4F771A2710AFD10032A48B /* UIViewController+Router.swift in Sources */ = {isa = PBXBuildFile; fileRef = 3F4F76FB2710AFD00032A48B /* UIViewController+Router.swift */; };
		3F4F771B2710AFD10032A48B /* UIViewController+Router.swift in Sources */ = {isa = PBXBuildFile; fileRef = 3F4F76FB2710AFD00032A48B /* UIViewController+Router.swift */; };
		3F4F771C2710AFD10032A48B /* UIViewController+Router.swift in Sources */ = {isa = PBXBuildFile; fileRef = 3F4F76FB2710AFD00032A48B /* UIViewController+Router.swift */; };
		3F4F771D2710AFD10032A48B /* Router.swift in Sources */ = {isa = PBXBuildFile; fileRef = 3F4F76FC2710AFD00032A48B /* Router.swift */; };
		3F4F771E2710AFD10032A48B /* Router.swift in Sources */ = {isa = PBXBuildFile; fileRef = 3F4F76FC2710AFD00032A48B /* Router.swift */; };
		3F4F771F2710AFD10032A48B /* Router.swift in Sources */ = {isa = PBXBuildFile; fileRef = 3F4F76FC2710AFD00032A48B /* Router.swift */; };
		3F4F77202710AFD10032A48B /* UIViewController+Preview.swift in Sources */ = {isa = PBXBuildFile; fileRef = 3F4F76FD2710AFD00032A48B /* UIViewController+Preview.swift */; };
		3F4F77212710AFD10032A48B /* UIViewController+Preview.swift in Sources */ = {isa = PBXBuildFile; fileRef = 3F4F76FD2710AFD00032A48B /* UIViewController+Preview.swift */; };
		3F4F77222710AFD10032A48B /* UIViewController+Preview.swift in Sources */ = {isa = PBXBuildFile; fileRef = 3F4F76FD2710AFD00032A48B /* UIViewController+Preview.swift */; };
		3F4F77232710AFD10032A48B /* AppNavigationConfiguration.swift in Sources */ = {isa = PBXBuildFile; fileRef = 3F4F76FF2710AFD00032A48B /* AppNavigationConfiguration.swift */; };
		3F4F77242710AFD10032A48B /* AppNavigationConfiguration.swift in Sources */ = {isa = PBXBuildFile; fileRef = 3F4F76FF2710AFD00032A48B /* AppNavigationConfiguration.swift */; };
		3F4F77252710AFD10032A48B /* AppNavigationConfiguration.swift in Sources */ = {isa = PBXBuildFile; fileRef = 3F4F76FF2710AFD00032A48B /* AppNavigationConfiguration.swift */; };
		3F4F77262710AFD10032A48B /* MainViewController.swift in Sources */ = {isa = PBXBuildFile; fileRef = 3F4F77012710AFD00032A48B /* MainViewController.swift */; };
		3F4F77272710AFD10032A48B /* MainViewController.swift in Sources */ = {isa = PBXBuildFile; fileRef = 3F4F77012710AFD00032A48B /* MainViewController.swift */; };
		3F4F77282710AFD10032A48B /* MainViewController.swift in Sources */ = {isa = PBXBuildFile; fileRef = 3F4F77012710AFD00032A48B /* MainViewController.swift */; };
		3F4F77292710AFD10032A48B /* InitViewController.swift in Sources */ = {isa = PBXBuildFile; fileRef = 3F4F77022710AFD00032A48B /* InitViewController.swift */; };
		3F4F772A2710AFD10032A48B /* InitViewController.swift in Sources */ = {isa = PBXBuildFile; fileRef = 3F4F77022710AFD00032A48B /* InitViewController.swift */; };
		3F4F772B2710AFD10032A48B /* InitViewController.swift in Sources */ = {isa = PBXBuildFile; fileRef = 3F4F77022710AFD00032A48B /* InitViewController.swift */; };
		3F4F772C2710AFD10032A48B /* ApiError.swift in Sources */ = {isa = PBXBuildFile; fileRef = 3F4F77052710AFD00032A48B /* ApiError.swift */; };
		3F4F772D2710AFD10032A48B /* ApiError.swift in Sources */ = {isa = PBXBuildFile; fileRef = 3F4F77052710AFD00032A48B /* ApiError.swift */; };
		3F4F772E2710AFD10032A48B /* ApiError.swift in Sources */ = {isa = PBXBuildFile; fileRef = 3F4F77052710AFD00032A48B /* ApiError.swift */; };
		3F4F772F2710AFD10032A48B /* ApiClient.swift in Sources */ = {isa = PBXBuildFile; fileRef = 3F4F77062710AFD00032A48B /* ApiClient.swift */; };
		3F4F77302710AFD10032A48B /* ApiClient.swift in Sources */ = {isa = PBXBuildFile; fileRef = 3F4F77062710AFD00032A48B /* ApiClient.swift */; };
		3F4F77312710AFD10032A48B /* ApiClient.swift in Sources */ = {isa = PBXBuildFile; fileRef = 3F4F77062710AFD00032A48B /* ApiClient.swift */; };
		3F4F77322710AFD10032A48B /* NetworkLogger.swift in Sources */ = {isa = PBXBuildFile; fileRef = 3F4F77072710AFD00032A48B /* NetworkLogger.swift */; };
		3F4F77332710AFD10032A48B /* NetworkLogger.swift in Sources */ = {isa = PBXBuildFile; fileRef = 3F4F77072710AFD00032A48B /* NetworkLogger.swift */; };
		3F4F77342710AFD10032A48B /* NetworkLogger.swift in Sources */ = {isa = PBXBuildFile; fileRef = 3F4F77072710AFD00032A48B /* NetworkLogger.swift */; };
		3F4F77352710AFD10032A48B /* Endpoint.swift in Sources */ = {isa = PBXBuildFile; fileRef = 3F4F77082710AFD00032A48B /* Endpoint.swift */; };
		3F4F77362710AFD10032A48B /* Endpoint.swift in Sources */ = {isa = PBXBuildFile; fileRef = 3F4F77082710AFD00032A48B /* Endpoint.swift */; };
		3F4F77372710AFD10032A48B /* Endpoint.swift in Sources */ = {isa = PBXBuildFile; fileRef = 3F4F77082710AFD00032A48B /* Endpoint.swift */; };
		3F4F77412710AFD10032A48B /* BindableType.swift in Sources */ = {isa = PBXBuildFile; fileRef = 3F4F770E2710AFD10032A48B /* BindableType.swift */; };
		3F4F77422710AFD10032A48B /* BindableType.swift in Sources */ = {isa = PBXBuildFile; fileRef = 3F4F770E2710AFD10032A48B /* BindableType.swift */; };
		3F4F77432710AFD10032A48B /* BindableType.swift in Sources */ = {isa = PBXBuildFile; fileRef = 3F4F770E2710AFD10032A48B /* BindableType.swift */; };
		3F4F77442710AFD10032A48B /* NibIdetifiable.swift in Sources */ = {isa = PBXBuildFile; fileRef = 3F4F770F2710AFD10032A48B /* NibIdetifiable.swift */; };
		3F4F77452710AFD10032A48B /* NibIdetifiable.swift in Sources */ = {isa = PBXBuildFile; fileRef = 3F4F770F2710AFD10032A48B /* NibIdetifiable.swift */; };
		3F4F77462710AFD10032A48B /* NibIdetifiable.swift in Sources */ = {isa = PBXBuildFile; fileRef = 3F4F770F2710AFD10032A48B /* NibIdetifiable.swift */; };
		3F4F77472710AFD10032A48B /* AppGenericContextTask.swift in Sources */ = {isa = PBXBuildFile; fileRef = 3F4F77102710AFD10032A48B /* AppGenericContextTask.swift */; };
		3F4F77482710AFD10032A48B /* AppGenericContextTask.swift in Sources */ = {isa = PBXBuildFile; fileRef = 3F4F77102710AFD10032A48B /* AppGenericContextTask.swift */; };
		3F4F77492710AFD10032A48B /* AppGenericContextTask.swift in Sources */ = {isa = PBXBuildFile; fileRef = 3F4F77102710AFD10032A48B /* AppGenericContextTask.swift */; };
		3F6827DE2710B244004E53CB /* FeaturedItemCell.swift in Sources */ = {isa = PBXBuildFile; fileRef = 3F6827DD2710B244004E53CB /* FeaturedItemCell.swift */; };
		3F6827E02710B9CA004E53CB /* FeaturedApiItem.swift in Sources */ = {isa = PBXBuildFile; fileRef = 3F6827DF2710B9CA004E53CB /* FeaturedApiItem.swift */; };
		3F6827E12710B9CA004E53CB /* FeaturedApiItem.swift in Sources */ = {isa = PBXBuildFile; fileRef = 3F6827DF2710B9CA004E53CB /* FeaturedApiItem.swift */; };
		3F6827E22710B9CA004E53CB /* FeaturedApiItem.swift in Sources */ = {isa = PBXBuildFile; fileRef = 3F6827DF2710B9CA004E53CB /* FeaturedApiItem.swift */; };
		3F6827E42710BA1B004E53CB /* FeaturedApiCollection.swift in Sources */ = {isa = PBXBuildFile; fileRef = 3F6827E32710BA1B004E53CB /* FeaturedApiCollection.swift */; };
		3F6827E52710BA1B004E53CB /* FeaturedApiCollection.swift in Sources */ = {isa = PBXBuildFile; fileRef = 3F6827E32710BA1B004E53CB /* FeaturedApiCollection.swift */; };
		3F6827E62710BA1B004E53CB /* FeaturedApiCollection.swift in Sources */ = {isa = PBXBuildFile; fileRef = 3F6827E32710BA1B004E53CB /* FeaturedApiCollection.swift */; };
		3F6827E82710C2C6004E53CB /* UIColor.swift in Sources */ = {isa = PBXBuildFile; fileRef = 3F6827E72710C2C6004E53CB /* UIColor.swift */; };
		3F6827E92710C2C6004E53CB /* UIColor.swift in Sources */ = {isa = PBXBuildFile; fileRef = 3F6827E72710C2C6004E53CB /* UIColor.swift */; };
		3F6827EA2710C2C6004E53CB /* UIColor.swift in Sources */ = {isa = PBXBuildFile; fileRef = 3F6827E72710C2C6004E53CB /* UIColor.swift */; };
		3F6827EC2710C52C004E53CB /* Numbers.swift in Sources */ = {isa = PBXBuildFile; fileRef = 3F6827EB2710C52C004E53CB /* Numbers.swift */; };
		3F6827ED2710C52C004E53CB /* Numbers.swift in Sources */ = {isa = PBXBuildFile; fileRef = 3F6827EB2710C52C004E53CB /* Numbers.swift */; };
		3F6827EE2710C52C004E53CB /* Numbers.swift in Sources */ = {isa = PBXBuildFile; fileRef = 3F6827EB2710C52C004E53CB /* Numbers.swift */; };
		3F6827F02710C8C7004E53CB /* ImageURLProtocol.swift in Sources */ = {isa = PBXBuildFile; fileRef = 3F6827EF2710C8C7004E53CB /* ImageURLProtocol.swift */; };
		3F6827F12710C8C7004E53CB /* ImageURLProtocol.swift in Sources */ = {isa = PBXBuildFile; fileRef = 3F6827EF2710C8C7004E53CB /* ImageURLProtocol.swift */; };
		3F6827F22710C8C7004E53CB /* ImageURLProtocol.swift in Sources */ = {isa = PBXBuildFile; fileRef = 3F6827EF2710C8C7004E53CB /* ImageURLProtocol.swift */; };
		3F6827F42710E00B004E53CB /* FeaturedRepository.swift in Sources */ = {isa = PBXBuildFile; fileRef = 3F6827F32710E00B004E53CB /* FeaturedRepository.swift */; };
		3F6827F52710E00B004E53CB /* FeaturedRepository.swift in Sources */ = {isa = PBXBuildFile; fileRef = 3F6827F32710E00B004E53CB /* FeaturedRepository.swift */; };
		3F6827F82710E038004E53CB /* FeaturedProvider.swift in Sources */ = {isa = PBXBuildFile; fileRef = 3F6827F72710E038004E53CB /* FeaturedProvider.swift */; };
		3F6827F92710E038004E53CB /* FeaturedProvider.swift in Sources */ = {isa = PBXBuildFile; fileRef = 3F6827F72710E038004E53CB /* FeaturedProvider.swift */; };
		3F6827FB2710E318004E53CB /* FeaturedClient.swift in Sources */ = {isa = PBXBuildFile; fileRef = 3F6827FA2710E318004E53CB /* FeaturedClient.swift */; };
		3F6827FC2710E318004E53CB /* FeaturedClient.swift in Sources */ = {isa = PBXBuildFile; fileRef = 3F6827FA2710E318004E53CB /* FeaturedClient.swift */; };
		3F6827FF2710E720004E53CB /* FeaturedItem.swift in Sources */ = {isa = PBXBuildFile; fileRef = 3F6827FE2710E720004E53CB /* FeaturedItem.swift */; };
		3F6828002710E720004E53CB /* FeaturedItem.swift in Sources */ = {isa = PBXBuildFile; fileRef = 3F6827FE2710E720004E53CB /* FeaturedItem.swift */; };
		3F6828022710F154004E53CB /* FeaturedViewModel.swift in Sources */ = {isa = PBXBuildFile; fileRef = 3F6828012710F154004E53CB /* FeaturedViewModel.swift */; };
		3F6828032710F154004E53CB /* FeaturedViewModel.swift in Sources */ = {isa = PBXBuildFile; fileRef = 3F6828012710F154004E53CB /* FeaturedViewModel.swift */; };
		3F913B5827303EA900CEBCD3 /* CategoryItems.swift in Sources */ = {isa = PBXBuildFile; fileRef = 3F913B5727303EA900CEBCD3 /* CategoryItems.swift */; };
		3F913B5927303EA900CEBCD3 /* CategoryItems.swift in Sources */ = {isa = PBXBuildFile; fileRef = 3F913B5727303EA900CEBCD3 /* CategoryItems.swift */; };
		3F913B5A27303EA900CEBCD3 /* CategoryItems.swift in Sources */ = {isa = PBXBuildFile; fileRef = 3F913B5727303EA900CEBCD3 /* CategoryItems.swift */; };
		3F913B5C27316C1800CEBCD3 /* AppApiData.swift.swift in Sources */ = {isa = PBXBuildFile; fileRef = 3F913B5B27316C1800CEBCD3 /* AppApiData.swift.swift */; };
		3F913B5D27316C1800CEBCD3 /* AppApiData.swift.swift in Sources */ = {isa = PBXBuildFile; fileRef = 3F913B5B27316C1800CEBCD3 /* AppApiData.swift.swift */; };
		3F913B5E27316C1800CEBCD3 /* AppApiData.swift.swift in Sources */ = {isa = PBXBuildFile; fileRef = 3F913B5B27316C1800CEBCD3 /* AppApiData.swift.swift */; };
		3F9AD49B272469DB001B979E /* JetBrainsMono-LightItalic.ttf in Resources */ = {isa = PBXBuildFile; fileRef = 3F9AD495272469DB001B979E /* JetBrainsMono-LightItalic.ttf */; };
		3F9AD49C272469DB001B979E /* JetBrainsMono-Light.ttf in Resources */ = {isa = PBXBuildFile; fileRef = 3F9AD496272469DB001B979E /* JetBrainsMono-Light.ttf */; };
		3F9AD49D272469DB001B979E /* JetBrainsMono-BoldItalic.ttf in Resources */ = {isa = PBXBuildFile; fileRef = 3F9AD497272469DB001B979E /* JetBrainsMono-BoldItalic.ttf */; };
		3F9AD49E272469DB001B979E /* JetBrainsMono-Medium.ttf in Resources */ = {isa = PBXBuildFile; fileRef = 3F9AD498272469DB001B979E /* JetBrainsMono-Medium.ttf */; };
		3F9AD49F272469DB001B979E /* JetBrainsMono-Bold.ttf in Resources */ = {isa = PBXBuildFile; fileRef = 3F9AD499272469DB001B979E /* JetBrainsMono-Bold.ttf */; };
		3F9AD4A0272469DB001B979E /* JetBrainsMono-MediumItalic.ttf in Resources */ = {isa = PBXBuildFile; fileRef = 3F9AD49A272469DB001B979E /* JetBrainsMono-MediumItalic.ttf */; };
		3FA4D3FD272EA6290045F321 /* CategoryApiCollection.swift in Sources */ = {isa = PBXBuildFile; fileRef = 3FA4D3FC272EA6280045F321 /* CategoryApiCollection.swift */; };
		3FE6760F2722AC060021E10A /* MaterialTextField.swift in Sources */ = {isa = PBXBuildFile; fileRef = 3FE6760E2722AC060021E10A /* MaterialTextField.swift */; };
		3FE676132722AE480021E10A /* Montserrat-Light.ttf in Resources */ = {isa = PBXBuildFile; fileRef = 3FE676112722AD390021E10A /* Montserrat-Light.ttf */; };
		3FED77CA272DA5770086E3C8 /* FeaturedRepository.swift in Sources */ = {isa = PBXBuildFile; fileRef = 3F6827F32710E00B004E53CB /* FeaturedRepository.swift */; };
		3FED77CB272DA5900086E3C8 /* FeaturedItem.swift in Sources */ = {isa = PBXBuildFile; fileRef = 3F6827FE2710E720004E53CB /* FeaturedItem.swift */; };
		3FED77CC272DA5970086E3C8 /* FeaturedItemCell.swift in Sources */ = {isa = PBXBuildFile; fileRef = 3F6827DD2710B244004E53CB /* FeaturedItemCell.swift */; };
		3FED77CD272DA5980086E3C8 /* FeaturedItemCell.swift in Sources */ = {isa = PBXBuildFile; fileRef = 3F6827DD2710B244004E53CB /* FeaturedItemCell.swift */; };
		3FED77CE272EA3180086E3C8 /* FeaturedClient.swift in Sources */ = {isa = PBXBuildFile; fileRef = 3F6827FA2710E318004E53CB /* FeaturedClient.swift */; };
		AFBFFB1EA35A5C51C497C97F /* Pods_SteamApp.framework in Frameworks */ = {isa = PBXBuildFile; fileRef = C8AC13A353FF59A11B0FB26A /* Pods_SteamApp.framework */; };
		D2B470D2098B1DB151243143 /* Pods_SteamApp_SteamAppUITests.framework in Frameworks */ = {isa = PBXBuildFile; fileRef = 2567A5E44A3D511C6E188EE9 /* Pods_SteamApp_SteamAppUITests.framework */; };
/* End PBXBuildFile section */

/* Begin PBXContainerItemProxy section */
		3F4F76D92710AFB20032A48B /* PBXContainerItemProxy */ = {
			isa = PBXContainerItemProxy;
			containerPortal = 3F4F76B72710AFB00032A48B /* Project object */;
			proxyType = 1;
			remoteGlobalIDString = 3F4F76BE2710AFB00032A48B;
			remoteInfo = SteamApp;
		};
		3F4F76E32710AFB20032A48B /* PBXContainerItemProxy */ = {
			isa = PBXContainerItemProxy;
			containerPortal = 3F4F76B72710AFB00032A48B /* Project object */;
			proxyType = 1;
			remoteGlobalIDString = 3F4F76BE2710AFB00032A48B;
			remoteInfo = SteamApp;
		};
/* End PBXContainerItemProxy section */

/* Begin PBXFileReference section */
		08DF56AE3AF527676BFEF7C0 /* Pods-SteamApp.debug.xcconfig */ = {isa = PBXFileReference; includeInIndex = 1; lastKnownFileType = text.xcconfig; name = "Pods-SteamApp.debug.xcconfig"; path = "Target Support Files/Pods-SteamApp/Pods-SteamApp.debug.xcconfig"; sourceTree = "<group>"; };
		0FE1A53617E4C7D76FC4CAAE /* Pods-SteamApp-SteamAppUITests.release.xcconfig */ = {isa = PBXFileReference; includeInIndex = 1; lastKnownFileType = text.xcconfig; name = "Pods-SteamApp-SteamAppUITests.release.xcconfig"; path = "Target Support Files/Pods-SteamApp-SteamAppUITests/Pods-SteamApp-SteamAppUITests.release.xcconfig"; sourceTree = "<group>"; };
		2567A5E44A3D511C6E188EE9 /* Pods_SteamApp_SteamAppUITests.framework */ = {isa = PBXFileReference; explicitFileType = wrapper.framework; includeInIndex = 0; path = Pods_SteamApp_SteamAppUITests.framework; sourceTree = BUILT_PRODUCTS_DIR; };
		26A6E53269B14ADA34DE551F /* Pods-SteamApp.release.xcconfig */ = {isa = PBXFileReference; includeInIndex = 1; lastKnownFileType = text.xcconfig; name = "Pods-SteamApp.release.xcconfig"; path = "Target Support Files/Pods-SteamApp/Pods-SteamApp.release.xcconfig"; sourceTree = "<group>"; };
		382EB77C7BFC9783E28408E0 /* Pods-SteamApp-SteamAppUITests.debug.xcconfig */ = {isa = PBXFileReference; includeInIndex = 1; lastKnownFileType = text.xcconfig; name = "Pods-SteamApp-SteamAppUITests.debug.xcconfig"; path = "Target Support Files/Pods-SteamApp-SteamAppUITests/Pods-SteamApp-SteamAppUITests.debug.xcconfig"; sourceTree = "<group>"; };
		3F0DB30F4D59DF17C8778542 /* Pods-SteamAppTests.debug.xcconfig */ = {isa = PBXFileReference; includeInIndex = 1; lastKnownFileType = text.xcconfig; name = "Pods-SteamAppTests.debug.xcconfig"; path = "Target Support Files/Pods-SteamAppTests/Pods-SteamAppTests.debug.xcconfig"; sourceTree = "<group>"; };
		3F4F76BF2710AFB00032A48B /* SteamApp.app */ = {isa = PBXFileReference; explicitFileType = wrapper.application; includeInIndex = 0; path = SteamApp.app; sourceTree = BUILT_PRODUCTS_DIR; };
		3F4F76C22710AFB00032A48B /* AppDelegate.swift */ = {isa = PBXFileReference; lastKnownFileType = sourcecode.swift; path = AppDelegate.swift; sourceTree = "<group>"; };
		3F4F76C42710AFB00032A48B /* SceneDelegate.swift */ = {isa = PBXFileReference; lastKnownFileType = sourcecode.swift; path = SceneDelegate.swift; sourceTree = "<group>"; };
		3F4F76CC2710AFB00032A48B /* SteamApp.xcdatamodel */ = {isa = PBXFileReference; lastKnownFileType = wrapper.xcdatamodel; path = SteamApp.xcdatamodel; sourceTree = "<group>"; };
		3F4F76CE2710AFB20032A48B /* Assets.xcassets */ = {isa = PBXFileReference; lastKnownFileType = folder.assetcatalog; path = Assets.xcassets; sourceTree = "<group>"; };
		3F4F76D12710AFB20032A48B /* Base */ = {isa = PBXFileReference; lastKnownFileType = file.storyboard; name = Base; path = Base.lproj/LaunchScreen.storyboard; sourceTree = "<group>"; };
		3F4F76D32710AFB20032A48B /* Info.plist */ = {isa = PBXFileReference; lastKnownFileType = text.plist.xml; path = Info.plist; sourceTree = "<group>"; };
		3F4F76D82710AFB20032A48B /* SteamAppTests.xctest */ = {isa = PBXFileReference; explicitFileType = wrapper.cfbundle; includeInIndex = 0; path = SteamAppTests.xctest; sourceTree = BUILT_PRODUCTS_DIR; };
		3F4F76DC2710AFB20032A48B /* SteamAppTests.swift */ = {isa = PBXFileReference; lastKnownFileType = sourcecode.swift; path = SteamAppTests.swift; sourceTree = "<group>"; };
		3F4F76E22710AFB20032A48B /* SteamAppUITests.xctest */ = {isa = PBXFileReference; explicitFileType = wrapper.cfbundle; includeInIndex = 0; path = SteamAppUITests.xctest; sourceTree = BUILT_PRODUCTS_DIR; };
		3F4F76E62710AFB20032A48B /* SteamAppUITests.swift */ = {isa = PBXFileReference; lastKnownFileType = sourcecode.swift; path = SteamAppUITests.swift; sourceTree = "<group>"; };
		3F4F76E82710AFB20032A48B /* SteamAppUITestsLaunchTests.swift */ = {isa = PBXFileReference; lastKnownFileType = sourcecode.swift; path = SteamAppUITestsLaunchTests.swift; sourceTree = "<group>"; };
		3F4F76F62710AFD00032A48B /* MainViewHeaderCell.swift */ = {isa = PBXFileReference; fileEncoding = 4; lastKnownFileType = sourcecode.swift; path = MainViewHeaderCell.swift; sourceTree = "<group>"; };
		3F4F76F72710AFD00032A48B /* PokedexCell.swift */ = {isa = PBXFileReference; fileEncoding = 4; lastKnownFileType = sourcecode.swift; path = PokedexCell.swift; sourceTree = "<group>"; };
		3F4F76FA2710AFD00032A48B /* UIView.swift */ = {isa = PBXFileReference; fileEncoding = 4; lastKnownFileType = sourcecode.swift; path = UIView.swift; sourceTree = "<group>"; };
		3F4F76FB2710AFD00032A48B /* UIViewController+Router.swift */ = {isa = PBXFileReference; fileEncoding = 4; lastKnownFileType = sourcecode.swift; path = "UIViewController+Router.swift"; sourceTree = "<group>"; };
		3F4F76FC2710AFD00032A48B /* Router.swift */ = {isa = PBXFileReference; fileEncoding = 4; lastKnownFileType = sourcecode.swift; path = Router.swift; sourceTree = "<group>"; };
		3F4F76FD2710AFD00032A48B /* UIViewController+Preview.swift */ = {isa = PBXFileReference; fileEncoding = 4; lastKnownFileType = sourcecode.swift; path = "UIViewController+Preview.swift"; sourceTree = "<group>"; };
		3F4F76FF2710AFD00032A48B /* AppNavigationConfiguration.swift */ = {isa = PBXFileReference; fileEncoding = 4; lastKnownFileType = sourcecode.swift; path = AppNavigationConfiguration.swift; sourceTree = "<group>"; };
		3F4F77012710AFD00032A48B /* MainViewController.swift */ = {isa = PBXFileReference; fileEncoding = 4; lastKnownFileType = sourcecode.swift; path = MainViewController.swift; sourceTree = "<group>"; };
		3F4F77022710AFD00032A48B /* InitViewController.swift */ = {isa = PBXFileReference; fileEncoding = 4; lastKnownFileType = sourcecode.swift; path = InitViewController.swift; sourceTree = "<group>"; };
		3F4F77052710AFD00032A48B /* ApiError.swift */ = {isa = PBXFileReference; fileEncoding = 4; lastKnownFileType = sourcecode.swift; path = ApiError.swift; sourceTree = "<group>"; };
		3F4F77062710AFD00032A48B /* ApiClient.swift */ = {isa = PBXFileReference; fileEncoding = 4; lastKnownFileType = sourcecode.swift; path = ApiClient.swift; sourceTree = "<group>"; };
		3F4F77072710AFD00032A48B /* NetworkLogger.swift */ = {isa = PBXFileReference; fileEncoding = 4; lastKnownFileType = sourcecode.swift; path = NetworkLogger.swift; sourceTree = "<group>"; };
		3F4F77082710AFD00032A48B /* Endpoint.swift */ = {isa = PBXFileReference; fileEncoding = 4; lastKnownFileType = sourcecode.swift; path = Endpoint.swift; sourceTree = "<group>"; };
		3F4F770E2710AFD10032A48B /* BindableType.swift */ = {isa = PBXFileReference; fileEncoding = 4; lastKnownFileType = sourcecode.swift; path = BindableType.swift; sourceTree = "<group>"; };
		3F4F770F2710AFD10032A48B /* NibIdetifiable.swift */ = {isa = PBXFileReference; fileEncoding = 4; lastKnownFileType = sourcecode.swift; path = NibIdetifiable.swift; sourceTree = "<group>"; };
		3F4F77102710AFD10032A48B /* AppGenericContextTask.swift */ = {isa = PBXFileReference; fileEncoding = 4; lastKnownFileType = sourcecode.swift; path = AppGenericContextTask.swift; sourceTree = "<group>"; };
		3F6827DD2710B244004E53CB /* FeaturedItemCell.swift */ = {isa = PBXFileReference; lastKnownFileType = sourcecode.swift; path = FeaturedItemCell.swift; sourceTree = "<group>"; };
		3F6827DF2710B9CA004E53CB /* FeaturedApiItem.swift */ = {isa = PBXFileReference; lastKnownFileType = sourcecode.swift; path = FeaturedApiItem.swift; sourceTree = "<group>"; };
		3F6827E32710BA1B004E53CB /* FeaturedApiCollection.swift */ = {isa = PBXFileReference; lastKnownFileType = sourcecode.swift; path = FeaturedApiCollection.swift; sourceTree = "<group>"; };
		3F6827E72710C2C6004E53CB /* UIColor.swift */ = {isa = PBXFileReference; lastKnownFileType = sourcecode.swift; path = UIColor.swift; sourceTree = "<group>"; };
		3F6827EB2710C52C004E53CB /* Numbers.swift */ = {isa = PBXFileReference; lastKnownFileType = sourcecode.swift; path = Numbers.swift; sourceTree = "<group>"; };
		3F6827EF2710C8C7004E53CB /* ImageURLProtocol.swift */ = {isa = PBXFileReference; lastKnownFileType = sourcecode.swift; path = ImageURLProtocol.swift; sourceTree = "<group>"; };
		3F6827F32710E00B004E53CB /* FeaturedRepository.swift */ = {isa = PBXFileReference; lastKnownFileType = sourcecode.swift; path = FeaturedRepository.swift; sourceTree = "<group>"; };
		3F6827F72710E038004E53CB /* FeaturedProvider.swift */ = {isa = PBXFileReference; lastKnownFileType = sourcecode.swift; path = FeaturedProvider.swift; sourceTree = "<group>"; };
		3F6827FA2710E318004E53CB /* FeaturedClient.swift */ = {isa = PBXFileReference; lastKnownFileType = sourcecode.swift; path = FeaturedClient.swift; sourceTree = "<group>"; };
		3F6827FE2710E720004E53CB /* FeaturedItem.swift */ = {isa = PBXFileReference; lastKnownFileType = sourcecode.swift; path = FeaturedItem.swift; sourceTree = "<group>"; };
		3F6828012710F154004E53CB /* FeaturedViewModel.swift */ = {isa = PBXFileReference; lastKnownFileType = sourcecode.swift; path = FeaturedViewModel.swift; sourceTree = "<group>"; };
		3F913B5727303EA900CEBCD3 /* CategoryItems.swift */ = {isa = PBXFileReference; lastKnownFileType = sourcecode.swift; path = CategoryItems.swift; sourceTree = "<group>"; };
		3F913B5B27316C1800CEBCD3 /* AppApiData.swift.swift */ = {isa = PBXFileReference; lastKnownFileType = sourcecode.swift; path = AppApiData.swift.swift; sourceTree = "<group>"; };
		3F9AD495272469DB001B979E /* JetBrainsMono-LightItalic.ttf */ = {isa = PBXFileReference; lastKnownFileType = file; path = "JetBrainsMono-LightItalic.ttf"; sourceTree = "<group>"; };
		3F9AD496272469DB001B979E /* JetBrainsMono-Light.ttf */ = {isa = PBXFileReference; lastKnownFileType = file; path = "JetBrainsMono-Light.ttf"; sourceTree = "<group>"; };
		3F9AD497272469DB001B979E /* JetBrainsMono-BoldItalic.ttf */ = {isa = PBXFileReference; lastKnownFileType = file; path = "JetBrainsMono-BoldItalic.ttf"; sourceTree = "<group>"; };
		3F9AD498272469DB001B979E /* JetBrainsMono-Medium.ttf */ = {isa = PBXFileReference; lastKnownFileType = file; path = "JetBrainsMono-Medium.ttf"; sourceTree = "<group>"; };
		3F9AD499272469DB001B979E /* JetBrainsMono-Bold.ttf */ = {isa = PBXFileReference; lastKnownFileType = file; path = "JetBrainsMono-Bold.ttf"; sourceTree = "<group>"; };
		3F9AD49A272469DB001B979E /* JetBrainsMono-MediumItalic.ttf */ = {isa = PBXFileReference; lastKnownFileType = file; path = "JetBrainsMono-MediumItalic.ttf"; sourceTree = "<group>"; };
		3FA4D3FC272EA6280045F321 /* CategoryApiCollection.swift */ = {isa = PBXFileReference; lastKnownFileType = sourcecode.swift; path = CategoryApiCollection.swift; sourceTree = "<group>"; };
		3FE6760E2722AC060021E10A /* MaterialTextField.swift */ = {isa = PBXFileReference; lastKnownFileType = sourcecode.swift; path = MaterialTextField.swift; sourceTree = "<group>"; };
		3FE676112722AD390021E10A /* Montserrat-Light.ttf */ = {isa = PBXFileReference; lastKnownFileType = file; path = "Montserrat-Light.ttf"; sourceTree = "<group>"; };
		4A6DCB151819ADA0D436C9B6 /* Pods-SteamAppTests.release.xcconfig */ = {isa = PBXFileReference; includeInIndex = 1; lastKnownFileType = text.xcconfig; name = "Pods-SteamAppTests.release.xcconfig"; path = "Target Support Files/Pods-SteamAppTests/Pods-SteamAppTests.release.xcconfig"; sourceTree = "<group>"; };
		994934F24D8960C13059F160 /* Pods_SteamAppTests.framework */ = {isa = PBXFileReference; explicitFileType = wrapper.framework; includeInIndex = 0; path = Pods_SteamAppTests.framework; sourceTree = BUILT_PRODUCTS_DIR; };
		C8AC13A353FF59A11B0FB26A /* Pods_SteamApp.framework */ = {isa = PBXFileReference; explicitFileType = wrapper.framework; includeInIndex = 0; path = Pods_SteamApp.framework; sourceTree = BUILT_PRODUCTS_DIR; };
/* End PBXFileReference section */

/* Begin PBXFrameworksBuildPhase section */
		3F4F76BC2710AFB00032A48B /* Frameworks */ = {
			isa = PBXFrameworksBuildPhase;
			buildActionMask = 2147483647;
			files = (
				AFBFFB1EA35A5C51C497C97F /* Pods_SteamApp.framework in Frameworks */,
			);
			runOnlyForDeploymentPostprocessing = 0;
		};
		3F4F76D52710AFB20032A48B /* Frameworks */ = {
			isa = PBXFrameworksBuildPhase;
			buildActionMask = 2147483647;
			files = (
				364AE1A9EB44F7F78A96ED3F /* Pods_SteamAppTests.framework in Frameworks */,
			);
			runOnlyForDeploymentPostprocessing = 0;
		};
		3F4F76DF2710AFB20032A48B /* Frameworks */ = {
			isa = PBXFrameworksBuildPhase;
			buildActionMask = 2147483647;
			files = (
				D2B470D2098B1DB151243143 /* Pods_SteamApp_SteamAppUITests.framework in Frameworks */,
			);
			runOnlyForDeploymentPostprocessing = 0;
		};
/* End PBXFrameworksBuildPhase section */

/* Begin PBXGroup section */
		3F4F76B62710AFB00032A48B = {
			isa = PBXGroup;
			children = (
				3F4F76C12710AFB00032A48B /* SteamApp */,
				3F4F76DB2710AFB20032A48B /* SteamAppTests */,
				3F4F76E52710AFB20032A48B /* SteamAppUITests */,
				3F4F76C02710AFB00032A48B /* Products */,
				E8DB89345F95098A0783FCF2 /* Pods */,
				7F2BB611450E87E1AB8324DF /* Frameworks */,
			);
			sourceTree = "<group>";
		};
		3F4F76C02710AFB00032A48B /* Products */ = {
			isa = PBXGroup;
			children = (
				3F4F76BF2710AFB00032A48B /* SteamApp.app */,
				3F4F76D82710AFB20032A48B /* SteamAppTests.xctest */,
				3F4F76E22710AFB20032A48B /* SteamAppUITests.xctest */,
			);
			name = Products;
			sourceTree = "<group>";
		};
		3F4F76C12710AFB00032A48B /* SteamApp */ = {
			isa = PBXGroup;
			children = (
				3FE676102722AD0A0021E10A /* Fonts */,
				3F4F77002710AFD00032A48B /* Controllers */,
				3F4F77042710AFD00032A48B /* Dataservice */,
				3F4F76F92710AFD00032A48B /* Extensions */,
				3F4F76FE2710AFD00032A48B /* NavigationConfiguration */,
				3F4F77032710AFD00032A48B /* Repositories */,
				3F4F770D2710AFD10032A48B /* Utilities */,
				3F4F76F52710AFD00032A48B /* View */,
				3F4F76F82710AFD00032A48B /* ViewModels */,
				3F4F76C22710AFB00032A48B /* AppDelegate.swift */,
				3F4F76C42710AFB00032A48B /* SceneDelegate.swift */,
				3F4F76CE2710AFB20032A48B /* Assets.xcassets */,
				3F4F76D02710AFB20032A48B /* LaunchScreen.storyboard */,
				3F4F76D32710AFB20032A48B /* Info.plist */,
				3F4F76CB2710AFB00032A48B /* SteamApp.xcdatamodeld */,
			);
			path = SteamApp;
			sourceTree = "<group>";
		};
		3F4F76DB2710AFB20032A48B /* SteamAppTests */ = {
			isa = PBXGroup;
			children = (
				3F4F76DC2710AFB20032A48B /* SteamAppTests.swift */,
			);
			path = SteamAppTests;
			sourceTree = "<group>";
		};
		3F4F76E52710AFB20032A48B /* SteamAppUITests */ = {
			isa = PBXGroup;
			children = (
				3F4F76E62710AFB20032A48B /* SteamAppUITests.swift */,
				3F4F76E82710AFB20032A48B /* SteamAppUITestsLaunchTests.swift */,
			);
			path = SteamAppUITests;
			sourceTree = "<group>";
		};
		3F4F76F52710AFD00032A48B /* View */ = {
			isa = PBXGroup;
			children = (
				3F4F76F62710AFD00032A48B /* MainViewHeaderCell.swift */,
				3F4F76F72710AFD00032A48B /* PokedexCell.swift */,
				3F6827DD2710B244004E53CB /* FeaturedItemCell.swift */,
				3FE6760E2722AC060021E10A /* MaterialTextField.swift */,
			);
			path = View;
			sourceTree = "<group>";
		};
		3F4F76F82710AFD00032A48B /* ViewModels */ = {
			isa = PBXGroup;
			children = (
				3F6828012710F154004E53CB /* FeaturedViewModel.swift */,
			);
			path = ViewModels;
			sourceTree = "<group>";
		};
		3F4F76F92710AFD00032A48B /* Extensions */ = {
			isa = PBXGroup;
			children = (
				3F4F76FA2710AFD00032A48B /* UIView.swift */,
				3F4F76FB2710AFD00032A48B /* UIViewController+Router.swift */,
				3F4F76FC2710AFD00032A48B /* Router.swift */,
				3F4F76FD2710AFD00032A48B /* UIViewController+Preview.swift */,
				3F6827E72710C2C6004E53CB /* UIColor.swift */,
				3F6827EB2710C52C004E53CB /* Numbers.swift */,
			);
			path = Extensions;
			sourceTree = "<group>";
		};
		3F4F76FE2710AFD00032A48B /* NavigationConfiguration */ = {
			isa = PBXGroup;
			children = (
				3F4F76FF2710AFD00032A48B /* AppNavigationConfiguration.swift */,
			);
			path = NavigationConfiguration;
			sourceTree = "<group>";
		};
		3F4F77002710AFD00032A48B /* Controllers */ = {
			isa = PBXGroup;
			children = (
				3F4F77012710AFD00032A48B /* MainViewController.swift */,
				3F4F77022710AFD00032A48B /* InitViewController.swift */,
			);
			path = Controllers;
			sourceTree = "<group>";
		};
		3F4F77032710AFD00032A48B /* Repositories */ = {
			isa = PBXGroup;
			children = (
				3F6827FD2710E702004E53CB /* Models */,
				3F6827F32710E00B004E53CB /* FeaturedRepository.swift */,
			);
			path = Repositories;
			sourceTree = "<group>";
		};
		3F4F77042710AFD00032A48B /* Dataservice */ = {
			isa = PBXGroup;
			children = (
				3F4F77092710AFD10032A48B /* Models */,
				3F6827F62710E014004E53CB /* Featured */,
				3F4F77052710AFD00032A48B /* ApiError.swift */,
				3F4F77062710AFD00032A48B /* ApiClient.swift */,
				3F4F77072710AFD00032A48B /* NetworkLogger.swift */,
				3F4F77082710AFD00032A48B /* Endpoint.swift */,
				3F6827EF2710C8C7004E53CB /* ImageURLProtocol.swift */,
			);
			path = Dataservice;
			sourceTree = "<group>";
		};
		3F4F77092710AFD10032A48B /* Models */ = {
			isa = PBXGroup;
			children = (
				3F6827DF2710B9CA004E53CB /* FeaturedApiItem.swift */,
				3F6827E32710BA1B004E53CB /* FeaturedApiCollection.swift */,
				3FA4D3FC272EA6280045F321 /* CategoryApiCollection.swift */,
				3F913B5B27316C1800CEBCD3 /* AppApiData.swift.swift */,
			);
			path = Models;
			sourceTree = "<group>";
		};
		3F4F770D2710AFD10032A48B /* Utilities */ = {
			isa = PBXGroup;
			children = (
				3F4F770E2710AFD10032A48B /* BindableType.swift */,
				3F4F770F2710AFD10032A48B /* NibIdetifiable.swift */,
				3F4F77102710AFD10032A48B /* AppGenericContextTask.swift */,
			);
			path = Utilities;
			sourceTree = "<group>";
		};
		3F6827F62710E014004E53CB /* Featured */ = {
			isa = PBXGroup;
			children = (
				3F6827F72710E038004E53CB /* FeaturedProvider.swift */,
				3F6827FA2710E318004E53CB /* FeaturedClient.swift */,
			);
			path = Featured;
			sourceTree = "<group>";
		};
		3F6827FD2710E702004E53CB /* Models */ = {
			isa = PBXGroup;
			children = (
				3F6827FE2710E720004E53CB /* FeaturedItem.swift */,
				3F913B5727303EA900CEBCD3 /* CategoryItems.swift */,
			);
			path = Models;
			sourceTree = "<group>";
		};
		3FE676102722AD0A0021E10A /* Fonts */ = {
			isa = PBXGroup;
			children = (
				3F9AD499272469DB001B979E /* JetBrainsMono-Bold.ttf */,
				3F9AD497272469DB001B979E /* JetBrainsMono-BoldItalic.ttf */,
				3F9AD496272469DB001B979E /* JetBrainsMono-Light.ttf */,
				3F9AD495272469DB001B979E /* JetBrainsMono-LightItalic.ttf */,
				3F9AD498272469DB001B979E /* JetBrainsMono-Medium.ttf */,
				3F9AD49A272469DB001B979E /* JetBrainsMono-MediumItalic.ttf */,
				3FE676112722AD390021E10A /* Montserrat-Light.ttf */,
			);
			path = Fonts;
			sourceTree = "<group>";
		};
		7F2BB611450E87E1AB8324DF /* Frameworks */ = {
			isa = PBXGroup;
			children = (
				C8AC13A353FF59A11B0FB26A /* Pods_SteamApp.framework */,
				2567A5E44A3D511C6E188EE9 /* Pods_SteamApp_SteamAppUITests.framework */,
				994934F24D8960C13059F160 /* Pods_SteamAppTests.framework */,
			);
			name = Frameworks;
			sourceTree = "<group>";
		};
		E8DB89345F95098A0783FCF2 /* Pods */ = {
			isa = PBXGroup;
			children = (
				08DF56AE3AF527676BFEF7C0 /* Pods-SteamApp.debug.xcconfig */,
				26A6E53269B14ADA34DE551F /* Pods-SteamApp.release.xcconfig */,
				382EB77C7BFC9783E28408E0 /* Pods-SteamApp-SteamAppUITests.debug.xcconfig */,
				0FE1A53617E4C7D76FC4CAAE /* Pods-SteamApp-SteamAppUITests.release.xcconfig */,
				3F0DB30F4D59DF17C8778542 /* Pods-SteamAppTests.debug.xcconfig */,
				4A6DCB151819ADA0D436C9B6 /* Pods-SteamAppTests.release.xcconfig */,
			);
			path = Pods;
			sourceTree = "<group>";
		};
/* End PBXGroup section */

/* Begin PBXNativeTarget section */
		3F4F76BE2710AFB00032A48B /* SteamApp */ = {
			isa = PBXNativeTarget;
			buildConfigurationList = 3F4F76EC2710AFB20032A48B /* Build configuration list for PBXNativeTarget "SteamApp" */;
			buildPhases = (
				A8CC5B8158F254569A6D28E9 /* [CP] Check Pods Manifest.lock */,
				3F4F76BB2710AFB00032A48B /* Sources */,
				3F4F76BC2710AFB00032A48B /* Frameworks */,
				3F4F76BD2710AFB00032A48B /* Resources */,
				F13E1C0C1567911E0FFF15BC /* [CP] Embed Pods Frameworks */,
			);
			buildRules = (
			);
			dependencies = (
			);
			name = SteamApp;
			productName = SteamApp;
			productReference = 3F4F76BF2710AFB00032A48B /* SteamApp.app */;
			productType = "com.apple.product-type.application";
		};
		3F4F76D72710AFB20032A48B /* SteamAppTests */ = {
			isa = PBXNativeTarget;
			buildConfigurationList = 3F4F76EF2710AFB20032A48B /* Build configuration list for PBXNativeTarget "SteamAppTests" */;
			buildPhases = (
				415BC8C22CAFEA0276F7D7CD /* [CP] Check Pods Manifest.lock */,
				3F4F76D42710AFB20032A48B /* Sources */,
				3F4F76D52710AFB20032A48B /* Frameworks */,
				3F4F76D62710AFB20032A48B /* Resources */,
			);
			buildRules = (
			);
			dependencies = (
				3F4F76DA2710AFB20032A48B /* PBXTargetDependency */,
			);
			name = SteamAppTests;
			productName = SteamAppTests;
			productReference = 3F4F76D82710AFB20032A48B /* SteamAppTests.xctest */;
			productType = "com.apple.product-type.bundle.unit-test";
		};
		3F4F76E12710AFB20032A48B /* SteamAppUITests */ = {
			isa = PBXNativeTarget;
			buildConfigurationList = 3F4F76F22710AFB20032A48B /* Build configuration list for PBXNativeTarget "SteamAppUITests" */;
			buildPhases = (
				A29CE6E639356A677F043AD5 /* [CP] Check Pods Manifest.lock */,
				3F4F76DE2710AFB20032A48B /* Sources */,
				3F4F76DF2710AFB20032A48B /* Frameworks */,
				3F4F76E02710AFB20032A48B /* Resources */,
				7CB705C3C32AD19AFED292BF /* [CP] Embed Pods Frameworks */,
			);
			buildRules = (
			);
			dependencies = (
				3F4F76E42710AFB20032A48B /* PBXTargetDependency */,
			);
			name = SteamAppUITests;
			productName = SteamAppUITests;
			productReference = 3F4F76E22710AFB20032A48B /* SteamAppUITests.xctest */;
			productType = "com.apple.product-type.bundle.ui-testing";
		};
/* End PBXNativeTarget section */

/* Begin PBXProject section */
		3F4F76B72710AFB00032A48B /* Project object */ = {
			isa = PBXProject;
			attributes = {
				BuildIndependentTargetsInParallel = 1;
				LastSwiftUpdateCheck = 1300;
				LastUpgradeCheck = 1300;
				TargetAttributes = {
					3F4F76BE2710AFB00032A48B = {
						CreatedOnToolsVersion = 13.0;
					};
					3F4F76D72710AFB20032A48B = {
						CreatedOnToolsVersion = 13.0;
						TestTargetID = 3F4F76BE2710AFB00032A48B;
					};
					3F4F76E12710AFB20032A48B = {
						CreatedOnToolsVersion = 13.0;
						TestTargetID = 3F4F76BE2710AFB00032A48B;
					};
				};
			};
			buildConfigurationList = 3F4F76BA2710AFB00032A48B /* Build configuration list for PBXProject "SteamApp" */;
			compatibilityVersion = "Xcode 12.0";
			developmentRegion = en;
			hasScannedForEncodings = 0;
			knownRegions = (
				en,
				Base,
			);
			mainGroup = 3F4F76B62710AFB00032A48B;
			productRefGroup = 3F4F76C02710AFB00032A48B /* Products */;
			projectDirPath = "";
			projectRoot = "";
			targets = (
				3F4F76BE2710AFB00032A48B /* SteamApp */,
				3F4F76D72710AFB20032A48B /* SteamAppTests */,
				3F4F76E12710AFB20032A48B /* SteamAppUITests */,
			);
		};
/* End PBXProject section */

/* Begin PBXResourcesBuildPhase section */
		3F4F76BD2710AFB00032A48B /* Resources */ = {
			isa = PBXResourcesBuildPhase;
			buildActionMask = 2147483647;
			files = (
				3FE676132722AE480021E10A /* Montserrat-Light.ttf in Resources */,
				3F4F76D22710AFB20032A48B /* LaunchScreen.storyboard in Resources */,
				3F4F76CF2710AFB20032A48B /* Assets.xcassets in Resources */,
				3F9AD49C272469DB001B979E /* JetBrainsMono-Light.ttf in Resources */,
				3F9AD49F272469DB001B979E /* JetBrainsMono-Bold.ttf in Resources */,
				3F9AD4A0272469DB001B979E /* JetBrainsMono-MediumItalic.ttf in Resources */,
				3F9AD49B272469DB001B979E /* JetBrainsMono-LightItalic.ttf in Resources */,
				3F9AD49E272469DB001B979E /* JetBrainsMono-Medium.ttf in Resources */,
				3F9AD49D272469DB001B979E /* JetBrainsMono-BoldItalic.ttf in Resources */,
			);
			runOnlyForDeploymentPostprocessing = 0;
		};
		3F4F76D62710AFB20032A48B /* Resources */ = {
			isa = PBXResourcesBuildPhase;
			buildActionMask = 2147483647;
			files = (
			);
			runOnlyForDeploymentPostprocessing = 0;
		};
		3F4F76E02710AFB20032A48B /* Resources */ = {
			isa = PBXResourcesBuildPhase;
			buildActionMask = 2147483647;
			files = (
			);
			runOnlyForDeploymentPostprocessing = 0;
		};
/* End PBXResourcesBuildPhase section */

/* Begin PBXShellScriptBuildPhase section */
		415BC8C22CAFEA0276F7D7CD /* [CP] Check Pods Manifest.lock */ = {
			isa = PBXShellScriptBuildPhase;
			buildActionMask = 2147483647;
			files = (
			);
			inputFileListPaths = (
			);
			inputPaths = (
				"${PODS_PODFILE_DIR_PATH}/Podfile.lock",
				"${PODS_ROOT}/Manifest.lock",
			);
			name = "[CP] Check Pods Manifest.lock";
			outputFileListPaths = (
			);
			outputPaths = (
				"$(DERIVED_FILE_DIR)/Pods-SteamAppTests-checkManifestLockResult.txt",
			);
			runOnlyForDeploymentPostprocessing = 0;
			shellPath = /bin/sh;
			shellScript = "diff \"${PODS_PODFILE_DIR_PATH}/Podfile.lock\" \"${PODS_ROOT}/Manifest.lock\" > /dev/null\nif [ $? != 0 ] ; then\n    # print error to STDERR\n    echo \"error: The sandbox is not in sync with the Podfile.lock. Run 'pod install' or update your CocoaPods installation.\" >&2\n    exit 1\nfi\n# This output is used by Xcode 'outputs' to avoid re-running this script phase.\necho \"SUCCESS\" > \"${SCRIPT_OUTPUT_FILE_0}\"\n";
			showEnvVarsInLog = 0;
		};
		7CB705C3C32AD19AFED292BF /* [CP] Embed Pods Frameworks */ = {
			isa = PBXShellScriptBuildPhase;
			buildActionMask = 2147483647;
			files = (
			);
			inputFileListPaths = (
				"${PODS_ROOT}/Target Support Files/Pods-SteamApp-SteamAppUITests/Pods-SteamApp-SteamAppUITests-frameworks-${CONFIGURATION}-input-files.xcfilelist",
			);
			name = "[CP] Embed Pods Frameworks";
			outputFileListPaths = (
				"${PODS_ROOT}/Target Support Files/Pods-SteamApp-SteamAppUITests/Pods-SteamApp-SteamAppUITests-frameworks-${CONFIGURATION}-output-files.xcfilelist",
			);
			runOnlyForDeploymentPostprocessing = 0;
			shellPath = /bin/sh;
			shellScript = "\"${PODS_ROOT}/Target Support Files/Pods-SteamApp-SteamAppUITests/Pods-SteamApp-SteamAppUITests-frameworks.sh\"\n";
			showEnvVarsInLog = 0;
		};
		A29CE6E639356A677F043AD5 /* [CP] Check Pods Manifest.lock */ = {
			isa = PBXShellScriptBuildPhase;
			buildActionMask = 2147483647;
			files = (
			);
			inputFileListPaths = (
			);
			inputPaths = (
				"${PODS_PODFILE_DIR_PATH}/Podfile.lock",
				"${PODS_ROOT}/Manifest.lock",
			);
			name = "[CP] Check Pods Manifest.lock";
			outputFileListPaths = (
			);
			outputPaths = (
				"$(DERIVED_FILE_DIR)/Pods-SteamApp-SteamAppUITests-checkManifestLockResult.txt",
			);
			runOnlyForDeploymentPostprocessing = 0;
			shellPath = /bin/sh;
			shellScript = "diff \"${PODS_PODFILE_DIR_PATH}/Podfile.lock\" \"${PODS_ROOT}/Manifest.lock\" > /dev/null\nif [ $? != 0 ] ; then\n    # print error to STDERR\n    echo \"error: The sandbox is not in sync with the Podfile.lock. Run 'pod install' or update your CocoaPods installation.\" >&2\n    exit 1\nfi\n# This output is used by Xcode 'outputs' to avoid re-running this script phase.\necho \"SUCCESS\" > \"${SCRIPT_OUTPUT_FILE_0}\"\n";
			showEnvVarsInLog = 0;
		};
		A8CC5B8158F254569A6D28E9 /* [CP] Check Pods Manifest.lock */ = {
			isa = PBXShellScriptBuildPhase;
			buildActionMask = 2147483647;
			files = (
			);
			inputFileListPaths = (
			);
			inputPaths = (
				"${PODS_PODFILE_DIR_PATH}/Podfile.lock",
				"${PODS_ROOT}/Manifest.lock",
			);
			name = "[CP] Check Pods Manifest.lock";
			outputFileListPaths = (
			);
			outputPaths = (
				"$(DERIVED_FILE_DIR)/Pods-SteamApp-checkManifestLockResult.txt",
			);
			runOnlyForDeploymentPostprocessing = 0;
			shellPath = /bin/sh;
			shellScript = "diff \"${PODS_PODFILE_DIR_PATH}/Podfile.lock\" \"${PODS_ROOT}/Manifest.lock\" > /dev/null\nif [ $? != 0 ] ; then\n    # print error to STDERR\n    echo \"error: The sandbox is not in sync with the Podfile.lock. Run 'pod install' or update your CocoaPods installation.\" >&2\n    exit 1\nfi\n# This output is used by Xcode 'outputs' to avoid re-running this script phase.\necho \"SUCCESS\" > \"${SCRIPT_OUTPUT_FILE_0}\"\n";
			showEnvVarsInLog = 0;
		};
		F13E1C0C1567911E0FFF15BC /* [CP] Embed Pods Frameworks */ = {
			isa = PBXShellScriptBuildPhase;
			buildActionMask = 2147483647;
			files = (
			);
			inputFileListPaths = (
				"${PODS_ROOT}/Target Support Files/Pods-SteamApp/Pods-SteamApp-frameworks-${CONFIGURATION}-input-files.xcfilelist",
			);
			name = "[CP] Embed Pods Frameworks";
			outputFileListPaths = (
				"${PODS_ROOT}/Target Support Files/Pods-SteamApp/Pods-SteamApp-frameworks-${CONFIGURATION}-output-files.xcfilelist",
			);
			runOnlyForDeploymentPostprocessing = 0;
			shellPath = /bin/sh;
			shellScript = "\"${PODS_ROOT}/Target Support Files/Pods-SteamApp/Pods-SteamApp-frameworks.sh\"\n";
			showEnvVarsInLog = 0;
		};
/* End PBXShellScriptBuildPhase section */

/* Begin PBXSourcesBuildPhase section */
		3F4F76BB2710AFB00032A48B /* Sources */ = {
			isa = PBXSourcesBuildPhase;
			buildActionMask = 2147483647;
			files = (
				3F4F77112710AFD10032A48B /* MainViewHeaderCell.swift in Sources */,
				3F4F771A2710AFD10032A48B /* UIViewController+Router.swift in Sources */,
				3F4F76CD2710AFB00032A48B /* SteamApp.xcdatamodeld in Sources */,
				3F4F77262710AFD10032A48B /* MainViewController.swift in Sources */,
				3F4F77142710AFD10032A48B /* PokedexCell.swift in Sources */,
				3F6827F42710E00B004E53CB /* FeaturedRepository.swift in Sources */,
				3FE6760F2722AC060021E10A /* MaterialTextField.swift in Sources */,
				3F4F77292710AFD10032A48B /* InitViewController.swift in Sources */,
				3F913B5827303EA900CEBCD3 /* CategoryItems.swift in Sources */,
				3F4F77232710AFD10032A48B /* AppNavigationConfiguration.swift in Sources */,
				3F4F772C2710AFD10032A48B /* ApiError.swift in Sources */,
				3F4F77322710AFD10032A48B /* NetworkLogger.swift in Sources */,
				3F4F771D2710AFD10032A48B /* Router.swift in Sources */,
				3F4F77412710AFD10032A48B /* BindableType.swift in Sources */,
				3F4F77172710AFD10032A48B /* UIView.swift in Sources */,
				3F4F77442710AFD10032A48B /* NibIdetifiable.swift in Sources */,
				3F4F77472710AFD10032A48B /* AppGenericContextTask.swift in Sources */,
				3F6827E42710BA1B004E53CB /* FeaturedApiCollection.swift in Sources */,
				3F6827FF2710E720004E53CB /* FeaturedItem.swift in Sources */,
				3F6827F82710E038004E53CB /* FeaturedProvider.swift in Sources */,
				3F6827EC2710C52C004E53CB /* Numbers.swift in Sources */,
				3F6827DE2710B244004E53CB /* FeaturedItemCell.swift in Sources */,
				3FA4D3FD272EA6290045F321 /* CategoryApiCollection.swift in Sources */,
				3F6827E02710B9CA004E53CB /* FeaturedApiItem.swift in Sources */,
				3F4F77202710AFD10032A48B /* UIViewController+Preview.swift in Sources */,
				3F4F76C32710AFB00032A48B /* AppDelegate.swift in Sources */,
				3F6827F02710C8C7004E53CB /* ImageURLProtocol.swift in Sources */,
				3F6827E82710C2C6004E53CB /* UIColor.swift in Sources */,
				3F6828022710F154004E53CB /* FeaturedViewModel.swift in Sources */,
				3F4F76C52710AFB00032A48B /* SceneDelegate.swift in Sources */,
				3F4F77352710AFD10032A48B /* Endpoint.swift in Sources */,
				3F913B5C27316C1800CEBCD3 /* AppApiData.swift.swift in Sources */,
				3F6827FB2710E318004E53CB /* FeaturedClient.swift in Sources */,
				3F4F772F2710AFD10032A48B /* ApiClient.swift in Sources */,
			);
			runOnlyForDeploymentPostprocessing = 0;
		};
		3F4F76D42710AFB20032A48B /* Sources */ = {
			isa = PBXSourcesBuildPhase;
			buildActionMask = 2147483647;
			files = (
				3F4F77362710AFD10032A48B /* Endpoint.swift in Sources */,
				3F4F772D2710AFD10032A48B /* ApiError.swift in Sources */,
				3F4F77242710AFD10032A48B /* AppNavigationConfiguration.swift in Sources */,
				3F6827E52710BA1B004E53CB /* FeaturedApiCollection.swift in Sources */,
				3F4F77182710AFD10032A48B /* UIView.swift in Sources */,
				3F4F772A2710AFD10032A48B /* InitViewController.swift in Sources */,
				3F4F77212710AFD10032A48B /* UIViewController+Preview.swift in Sources */,
				3F4F77452710AFD10032A48B /* NibIdetifiable.swift in Sources */,
				3F4F77482710AFD10032A48B /* AppGenericContextTask.swift in Sources */,
				3F6828032710F154004E53CB /* FeaturedViewModel.swift in Sources */,
				3F6827E92710C2C6004E53CB /* UIColor.swift in Sources */,
				3F4F77332710AFD10032A48B /* NetworkLogger.swift in Sources */,
				3F6827F12710C8C7004E53CB /* ImageURLProtocol.swift in Sources */,
				3F6827E12710B9CA004E53CB /* FeaturedApiItem.swift in Sources */,
				3FED77CC272DA5970086E3C8 /* FeaturedItemCell.swift in Sources */,
				3F4F77122710AFD10032A48B /* MainViewHeaderCell.swift in Sources */,
				3F4F77422710AFD10032A48B /* BindableType.swift in Sources */,
				3F913B5D27316C1800CEBCD3 /* AppApiData.swift.swift in Sources */,
				3F6827F52710E00B004E53CB /* FeaturedRepository.swift in Sources */,
				3F6827FC2710E318004E53CB /* FeaturedClient.swift in Sources */,
				3F4F76DD2710AFB20032A48B /* SteamAppTests.swift in Sources */,
				3F4F771B2710AFD10032A48B /* UIViewController+Router.swift in Sources */,
				3F4F77272710AFD10032A48B /* MainViewController.swift in Sources */,
				3F4F771E2710AFD10032A48B /* Router.swift in Sources */,
				3F6828002710E720004E53CB /* FeaturedItem.swift in Sources */,
				3F913B5927303EA900CEBCD3 /* CategoryItems.swift in Sources */,
				3F6827ED2710C52C004E53CB /* Numbers.swift in Sources */,
				3F6827F92710E038004E53CB /* FeaturedProvider.swift in Sources */,
				3F4F77152710AFD10032A48B /* PokedexCell.swift in Sources */,
				3F4F77302710AFD10032A48B /* ApiClient.swift in Sources */,
			);
			runOnlyForDeploymentPostprocessing = 0;
		};
		3F4F76DE2710AFB20032A48B /* Sources */ = {
			isa = PBXSourcesBuildPhase;
			buildActionMask = 2147483647;
			files = (
				3F4F77342710AFD10032A48B /* NetworkLogger.swift in Sources */,
				3F4F77192710AFD10032A48B /* UIView.swift in Sources */,
				3F4F771C2710AFD10032A48B /* UIViewController+Router.swift in Sources */,
				3FED77CB272DA5900086E3C8 /* FeaturedItem.swift in Sources */,
				3F4F77162710AFD10032A48B /* PokedexCell.swift in Sources */,
				3FED77CD272DA5980086E3C8 /* FeaturedItemCell.swift in Sources */,
				3F4F77372710AFD10032A48B /* Endpoint.swift in Sources */,
				3F6827E22710B9CA004E53CB /* FeaturedApiItem.swift in Sources */,
				3F4F77252710AFD10032A48B /* AppNavigationConfiguration.swift in Sources */,
				3F4F77222710AFD10032A48B /* UIViewController+Preview.swift in Sources */,
				3F4F77432710AFD10032A48B /* BindableType.swift in Sources */,
				3F4F772E2710AFD10032A48B /* ApiError.swift in Sources */,
				3F4F77492710AFD10032A48B /* AppGenericContextTask.swift in Sources */,
				3F4F77462710AFD10032A48B /* NibIdetifiable.swift in Sources */,
				3F913B5A27303EA900CEBCD3 /* CategoryItems.swift in Sources */,
				3F6827EA2710C2C6004E53CB /* UIColor.swift in Sources */,
				3FED77CA272DA5770086E3C8 /* FeaturedRepository.swift in Sources */,
				3F4F772B2710AFD10032A48B /* InitViewController.swift in Sources */,
				3F4F771F2710AFD10032A48B /* Router.swift in Sources */,
				3F4F77312710AFD10032A48B /* ApiClient.swift in Sources */,
				3FED77CE272EA3180086E3C8 /* FeaturedClient.swift in Sources */,
				3F6827F22710C8C7004E53CB /* ImageURLProtocol.swift in Sources */,
				3F4F76E92710AFB20032A48B /* SteamAppUITestsLaunchTests.swift in Sources */,
				3F4F77132710AFD10032A48B /* MainViewHeaderCell.swift in Sources */,
				3F6827E62710BA1B004E53CB /* FeaturedApiCollection.swift in Sources */,
				3F6827EE2710C52C004E53CB /* Numbers.swift in Sources */,
				3F913B5E27316C1800CEBCD3 /* AppApiData.swift.swift in Sources */,
				3F4F76E72710AFB20032A48B /* SteamAppUITests.swift in Sources */,
				3F4F77282710AFD10032A48B /* MainViewController.swift in Sources */,
			);
			runOnlyForDeploymentPostprocessing = 0;
		};
/* End PBXSourcesBuildPhase section */

/* Begin PBXTargetDependency section */
		3F4F76DA2710AFB20032A48B /* PBXTargetDependency */ = {
			isa = PBXTargetDependency;
			target = 3F4F76BE2710AFB00032A48B /* SteamApp */;
			targetProxy = 3F4F76D92710AFB20032A48B /* PBXContainerItemProxy */;
		};
		3F4F76E42710AFB20032A48B /* PBXTargetDependency */ = {
			isa = PBXTargetDependency;
			target = 3F4F76BE2710AFB00032A48B /* SteamApp */;
			targetProxy = 3F4F76E32710AFB20032A48B /* PBXContainerItemProxy */;
		};
/* End PBXTargetDependency section */

/* Begin PBXVariantGroup section */
		3F4F76D02710AFB20032A48B /* LaunchScreen.storyboard */ = {
			isa = PBXVariantGroup;
			children = (
				3F4F76D12710AFB20032A48B /* Base */,
			);
			name = LaunchScreen.storyboard;
			sourceTree = "<group>";
		};
/* End PBXVariantGroup section */

/* Begin XCBuildConfiguration section */
		3F4F76EA2710AFB20032A48B /* Debug */ = {
			isa = XCBuildConfiguration;
			buildSettings = {
				ALWAYS_SEARCH_USER_PATHS = NO;
				CLANG_ANALYZER_NONNULL = YES;
				CLANG_ANALYZER_NUMBER_OBJECT_CONVERSION = YES_AGGRESSIVE;
				CLANG_CXX_LANGUAGE_STANDARD = "gnu++17";
				CLANG_CXX_LIBRARY = "libc++";
				CLANG_ENABLE_MODULES = YES;
				CLANG_ENABLE_OBJC_ARC = YES;
				CLANG_ENABLE_OBJC_WEAK = YES;
				CLANG_WARN_BLOCK_CAPTURE_AUTORELEASING = YES;
				CLANG_WARN_BOOL_CONVERSION = YES;
				CLANG_WARN_COMMA = YES;
				CLANG_WARN_CONSTANT_CONVERSION = YES;
				CLANG_WARN_DEPRECATED_OBJC_IMPLEMENTATIONS = YES;
				CLANG_WARN_DIRECT_OBJC_ISA_USAGE = YES_ERROR;
				CLANG_WARN_DOCUMENTATION_COMMENTS = YES;
				CLANG_WARN_EMPTY_BODY = YES;
				CLANG_WARN_ENUM_CONVERSION = YES;
				CLANG_WARN_INFINITE_RECURSION = YES;
				CLANG_WARN_INT_CONVERSION = YES;
				CLANG_WARN_NON_LITERAL_NULL_CONVERSION = YES;
				CLANG_WARN_OBJC_IMPLICIT_RETAIN_SELF = YES;
				CLANG_WARN_OBJC_LITERAL_CONVERSION = YES;
				CLANG_WARN_OBJC_ROOT_CLASS = YES_ERROR;
				CLANG_WARN_QUOTED_INCLUDE_IN_FRAMEWORK_HEADER = YES;
				CLANG_WARN_RANGE_LOOP_ANALYSIS = YES;
				CLANG_WARN_STRICT_PROTOTYPES = YES;
				CLANG_WARN_SUSPICIOUS_MOVE = YES;
				CLANG_WARN_UNGUARDED_AVAILABILITY = YES_AGGRESSIVE;
				CLANG_WARN_UNREACHABLE_CODE = YES;
				CLANG_WARN__DUPLICATE_METHOD_MATCH = YES;
				COPY_PHASE_STRIP = NO;
				DEBUG_INFORMATION_FORMAT = dwarf;
				ENABLE_STRICT_OBJC_MSGSEND = YES;
				ENABLE_TESTABILITY = YES;
				GCC_C_LANGUAGE_STANDARD = gnu11;
				GCC_DYNAMIC_NO_PIC = NO;
				GCC_NO_COMMON_BLOCKS = YES;
				GCC_OPTIMIZATION_LEVEL = 0;
				GCC_PREPROCESSOR_DEFINITIONS = (
					"DEBUG=1",
					"$(inherited)",
				);
				GCC_WARN_64_TO_32_BIT_CONVERSION = YES;
				GCC_WARN_ABOUT_RETURN_TYPE = YES_ERROR;
				GCC_WARN_UNDECLARED_SELECTOR = YES;
				GCC_WARN_UNINITIALIZED_AUTOS = YES_AGGRESSIVE;
				GCC_WARN_UNUSED_FUNCTION = YES;
				GCC_WARN_UNUSED_VARIABLE = YES;
				IPHONEOS_DEPLOYMENT_TARGET = 13.0;
				MTL_ENABLE_DEBUG_INFO = INCLUDE_SOURCE;
				MTL_FAST_MATH = YES;
				ONLY_ACTIVE_ARCH = YES;
				SDKROOT = iphoneos;
				SWIFT_ACTIVE_COMPILATION_CONDITIONS = DEBUG;
				SWIFT_OPTIMIZATION_LEVEL = "-Onone";
			};
			name = Debug;
		};
		3F4F76EB2710AFB20032A48B /* Release */ = {
			isa = XCBuildConfiguration;
			buildSettings = {
				ALWAYS_SEARCH_USER_PATHS = NO;
				CLANG_ANALYZER_NONNULL = YES;
				CLANG_ANALYZER_NUMBER_OBJECT_CONVERSION = YES_AGGRESSIVE;
				CLANG_CXX_LANGUAGE_STANDARD = "gnu++17";
				CLANG_CXX_LIBRARY = "libc++";
				CLANG_ENABLE_MODULES = YES;
				CLANG_ENABLE_OBJC_ARC = YES;
				CLANG_ENABLE_OBJC_WEAK = YES;
				CLANG_WARN_BLOCK_CAPTURE_AUTORELEASING = YES;
				CLANG_WARN_BOOL_CONVERSION = YES;
				CLANG_WARN_COMMA = YES;
				CLANG_WARN_CONSTANT_CONVERSION = YES;
				CLANG_WARN_DEPRECATED_OBJC_IMPLEMENTATIONS = YES;
				CLANG_WARN_DIRECT_OBJC_ISA_USAGE = YES_ERROR;
				CLANG_WARN_DOCUMENTATION_COMMENTS = YES;
				CLANG_WARN_EMPTY_BODY = YES;
				CLANG_WARN_ENUM_CONVERSION = YES;
				CLANG_WARN_INFINITE_RECURSION = YES;
				CLANG_WARN_INT_CONVERSION = YES;
				CLANG_WARN_NON_LITERAL_NULL_CONVERSION = YES;
				CLANG_WARN_OBJC_IMPLICIT_RETAIN_SELF = YES;
				CLANG_WARN_OBJC_LITERAL_CONVERSION = YES;
				CLANG_WARN_OBJC_ROOT_CLASS = YES_ERROR;
				CLANG_WARN_QUOTED_INCLUDE_IN_FRAMEWORK_HEADER = YES;
				CLANG_WARN_RANGE_LOOP_ANALYSIS = YES;
				CLANG_WARN_STRICT_PROTOTYPES = YES;
				CLANG_WARN_SUSPICIOUS_MOVE = YES;
				CLANG_WARN_UNGUARDED_AVAILABILITY = YES_AGGRESSIVE;
				CLANG_WARN_UNREACHABLE_CODE = YES;
				CLANG_WARN__DUPLICATE_METHOD_MATCH = YES;
				COPY_PHASE_STRIP = NO;
				DEBUG_INFORMATION_FORMAT = "dwarf-with-dsym";
				ENABLE_NS_ASSERTIONS = NO;
				ENABLE_STRICT_OBJC_MSGSEND = YES;
				GCC_C_LANGUAGE_STANDARD = gnu11;
				GCC_NO_COMMON_BLOCKS = YES;
				GCC_WARN_64_TO_32_BIT_CONVERSION = YES;
				GCC_WARN_ABOUT_RETURN_TYPE = YES_ERROR;
				GCC_WARN_UNDECLARED_SELECTOR = YES;
				GCC_WARN_UNINITIALIZED_AUTOS = YES_AGGRESSIVE;
				GCC_WARN_UNUSED_FUNCTION = YES;
				GCC_WARN_UNUSED_VARIABLE = YES;
				IPHONEOS_DEPLOYMENT_TARGET = 13.0;
				MTL_ENABLE_DEBUG_INFO = NO;
				MTL_FAST_MATH = YES;
				SDKROOT = iphoneos;
				SWIFT_COMPILATION_MODE = wholemodule;
				SWIFT_OPTIMIZATION_LEVEL = "-O";
				VALIDATE_PRODUCT = YES;
			};
			name = Release;
		};
		3F4F76ED2710AFB20032A48B /* Debug */ = {
			isa = XCBuildConfiguration;
			baseConfigurationReference = 08DF56AE3AF527676BFEF7C0 /* Pods-SteamApp.debug.xcconfig */;
			buildSettings = {
				ASSETCATALOG_COMPILER_APPICON_NAME = AppIcon;
				ASSETCATALOG_COMPILER_GLOBAL_ACCENT_COLOR_NAME = AccentColor;
				CODE_SIGN_STYLE = Automatic;
				CURRENT_PROJECT_VERSION = 1;
				DEVELOPMENT_TEAM = 97H2JL6GLW;
				GENERATE_INFOPLIST_FILE = YES;
				INFOPLIST_FILE = SteamApp/Info.plist;
				INFOPLIST_KEY_UIApplicationSupportsIndirectInputEvents = YES;
				INFOPLIST_KEY_UILaunchStoryboardName = LaunchScreen;
				INFOPLIST_KEY_UISupportedInterfaceOrientations = "UIInterfaceOrientationPortrait UIInterfaceOrientationLandscapeLeft UIInterfaceOrientationLandscapeRight UIInterfaceOrientationPortraitUpsideDown";
				INFOPLIST_KEY_UISupportedInterfaceOrientations_iPad = "UIInterfaceOrientationPortrait UIInterfaceOrientationPortraitUpsideDown UIInterfaceOrientationLandscapeLeft UIInterfaceOrientationLandscapeRight";
				INFOPLIST_KEY_UISupportedInterfaceOrientations_iPhone = "UIInterfaceOrientationPortrait UIInterfaceOrientationLandscapeLeft UIInterfaceOrientationLandscapeRight";
				LD_RUNPATH_SEARCH_PATHS = (
					"$(inherited)",
					"@executable_path/Frameworks",
				);
				MARKETING_VERSION = 1.0;
				PRODUCT_BUNDLE_IDENTIFIER = uk.quantum.SteamApp;
				PRODUCT_NAME = "$(TARGET_NAME)";
				SWIFT_EMIT_LOC_STRINGS = YES;
				SWIFT_VERSION = 5.0;
				TARGETED_DEVICE_FAMILY = "1,2";
			};
			name = Debug;
		};
		3F4F76EE2710AFB20032A48B /* Release */ = {
			isa = XCBuildConfiguration;
			baseConfigurationReference = 26A6E53269B14ADA34DE551F /* Pods-SteamApp.release.xcconfig */;
			buildSettings = {
				ASSETCATALOG_COMPILER_APPICON_NAME = AppIcon;
				ASSETCATALOG_COMPILER_GLOBAL_ACCENT_COLOR_NAME = AccentColor;
				CODE_SIGN_STYLE = Automatic;
				CURRENT_PROJECT_VERSION = 1;
				DEVELOPMENT_TEAM = 97H2JL6GLW;
				GENERATE_INFOPLIST_FILE = YES;
				INFOPLIST_FILE = SteamApp/Info.plist;
				INFOPLIST_KEY_UIApplicationSupportsIndirectInputEvents = YES;
				INFOPLIST_KEY_UILaunchStoryboardName = LaunchScreen;
				INFOPLIST_KEY_UISupportedInterfaceOrientations = "UIInterfaceOrientationPortrait UIInterfaceOrientationLandscapeLeft UIInterfaceOrientationLandscapeRight UIInterfaceOrientationPortraitUpsideDown";
				INFOPLIST_KEY_UISupportedInterfaceOrientations_iPad = "UIInterfaceOrientationPortrait UIInterfaceOrientationPortraitUpsideDown UIInterfaceOrientationLandscapeLeft UIInterfaceOrientationLandscapeRight";
				INFOPLIST_KEY_UISupportedInterfaceOrientations_iPhone = "UIInterfaceOrientationPortrait UIInterfaceOrientationLandscapeLeft UIInterfaceOrientationLandscapeRight";
				LD_RUNPATH_SEARCH_PATHS = (
					"$(inherited)",
					"@executable_path/Frameworks",
				);
				MARKETING_VERSION = 1.0;
				PRODUCT_BUNDLE_IDENTIFIER = uk.quantum.SteamApp;
				PRODUCT_NAME = "$(TARGET_NAME)";
				SWIFT_EMIT_LOC_STRINGS = YES;
				SWIFT_VERSION = 5.0;
				TARGETED_DEVICE_FAMILY = "1,2";
			};
			name = Release;
		};
		3F4F76F02710AFB20032A48B /* Debug */ = {
			isa = XCBuildConfiguration;
			baseConfigurationReference = 3F0DB30F4D59DF17C8778542 /* Pods-SteamAppTests.debug.xcconfig */;
			buildSettings = {
				ALWAYS_EMBED_SWIFT_STANDARD_LIBRARIES = YES;
				BUNDLE_LOADER = "$(TEST_HOST)";
				CODE_SIGN_STYLE = Automatic;
				CURRENT_PROJECT_VERSION = 1;
				DEVELOPMENT_TEAM = 97H2JL6GLW;
				GENERATE_INFOPLIST_FILE = YES;
				IPHONEOS_DEPLOYMENT_TARGET = 15.0;
				LD_RUNPATH_SEARCH_PATHS = (
					"$(inherited)",
					"@executable_path/Frameworks",
					"@loader_path/Frameworks",
				);
				MARKETING_VERSION = 1.0;
				PRODUCT_BUNDLE_IDENTIFIER = uk.quantum.SteamAppTests;
				PRODUCT_NAME = "$(TARGET_NAME)";
				SWIFT_EMIT_LOC_STRINGS = NO;
				SWIFT_VERSION = 5.0;
				TARGETED_DEVICE_FAMILY = "1,2";
				TEST_HOST = "$(BUILT_PRODUCTS_DIR)/SteamApp.app/SteamApp";
			};
			name = Debug;
		};
		3F4F76F12710AFB20032A48B /* Release */ = {
			isa = XCBuildConfiguration;
			baseConfigurationReference = 4A6DCB151819ADA0D436C9B6 /* Pods-SteamAppTests.release.xcconfig */;
			buildSettings = {
				ALWAYS_EMBED_SWIFT_STANDARD_LIBRARIES = YES;
				BUNDLE_LOADER = "$(TEST_HOST)";
				CODE_SIGN_STYLE = Automatic;
				CURRENT_PROJECT_VERSION = 1;
				DEVELOPMENT_TEAM = 97H2JL6GLW;
				GENERATE_INFOPLIST_FILE = YES;
				IPHONEOS_DEPLOYMENT_TARGET = 15.0;
				LD_RUNPATH_SEARCH_PATHS = (
					"$(inherited)",
					"@executable_path/Frameworks",
					"@loader_path/Frameworks",
				);
				MARKETING_VERSION = 1.0;
				PRODUCT_BUNDLE_IDENTIFIER = uk.quantum.SteamAppTests;
				PRODUCT_NAME = "$(TARGET_NAME)";
				SWIFT_EMIT_LOC_STRINGS = NO;
				SWIFT_VERSION = 5.0;
				TARGETED_DEVICE_FAMILY = "1,2";
				TEST_HOST = "$(BUILT_PRODUCTS_DIR)/SteamApp.app/SteamApp";
			};
			name = Release;
		};
		3F4F76F32710AFB20032A48B /* Debug */ = {
			isa = XCBuildConfiguration;
			baseConfigurationReference = 382EB77C7BFC9783E28408E0 /* Pods-SteamApp-SteamAppUITests.debug.xcconfig */;
			buildSettings = {
				ALWAYS_EMBED_SWIFT_STANDARD_LIBRARIES = YES;
				CODE_SIGN_STYLE = Automatic;
				CURRENT_PROJECT_VERSION = 1;
				DEVELOPMENT_TEAM = 97H2JL6GLW;
				GENERATE_INFOPLIST_FILE = YES;
				LD_RUNPATH_SEARCH_PATHS = (
					"$(inherited)",
					"@executable_path/Frameworks",
					"@loader_path/Frameworks",
				);
				MARKETING_VERSION = 1.0;
				PRODUCT_BUNDLE_IDENTIFIER = uk.quantum.SteamAppUITests;
				PRODUCT_NAME = "$(TARGET_NAME)";
				SWIFT_EMIT_LOC_STRINGS = NO;
				SWIFT_VERSION = 5.0;
				TARGETED_DEVICE_FAMILY = "1,2";
				TEST_TARGET_NAME = SteamApp;
			};
			name = Debug;
		};
		3F4F76F42710AFB20032A48B /* Release */ = {
			isa = XCBuildConfiguration;
			baseConfigurationReference = 0FE1A53617E4C7D76FC4CAAE /* Pods-SteamApp-SteamAppUITests.release.xcconfig */;
			buildSettings = {
				ALWAYS_EMBED_SWIFT_STANDARD_LIBRARIES = YES;
				CODE_SIGN_STYLE = Automatic;
				CURRENT_PROJECT_VERSION = 1;
				DEVELOPMENT_TEAM = 97H2JL6GLW;
				GENERATE_INFOPLIST_FILE = YES;
				LD_RUNPATH_SEARCH_PATHS = (
					"$(inherited)",
					"@executable_path/Frameworks",
					"@loader_path/Frameworks",
				);
				MARKETING_VERSION = 1.0;
				PRODUCT_BUNDLE_IDENTIFIER = uk.quantum.SteamAppUITests;
				PRODUCT_NAME = "$(TARGET_NAME)";
				SWIFT_EMIT_LOC_STRINGS = NO;
				SWIFT_VERSION = 5.0;
				TARGETED_DEVICE_FAMILY = "1,2";
				TEST_TARGET_NAME = SteamApp;
			};
			name = Release;
		};
/* End XCBuildConfiguration section */

/* Begin XCConfigurationList section */
		3F4F76BA2710AFB00032A48B /* Build configuration list for PBXProject "SteamApp" */ = {
			isa = XCConfigurationList;
			buildConfigurations = (
				3F4F76EA2710AFB20032A48B /* Debug */,
				3F4F76EB2710AFB20032A48B /* Release */,
			);
			defaultConfigurationIsVisible = 0;
			defaultConfigurationName = Release;
		};
		3F4F76EC2710AFB20032A48B /* Build configuration list for PBXNativeTarget "SteamApp" */ = {
			isa = XCConfigurationList;
			buildConfigurations = (
				3F4F76ED2710AFB20032A48B /* Debug */,
				3F4F76EE2710AFB20032A48B /* Release */,
			);
			defaultConfigurationIsVisible = 0;
			defaultConfigurationName = Release;
		};
		3F4F76EF2710AFB20032A48B /* Build configuration list for PBXNativeTarget "SteamAppTests" */ = {
			isa = XCConfigurationList;
			buildConfigurations = (
				3F4F76F02710AFB20032A48B /* Debug */,
				3F4F76F12710AFB20032A48B /* Release */,
			);
			defaultConfigurationIsVisible = 0;
			defaultConfigurationName = Release;
		};
		3F4F76F22710AFB20032A48B /* Build configuration list for PBXNativeTarget "SteamAppUITests" */ = {
			isa = XCConfigurationList;
			buildConfigurations = (
				3F4F76F32710AFB20032A48B /* Debug */,
				3F4F76F42710AFB20032A48B /* Release */,
			);
			defaultConfigurationIsVisible = 0;
			defaultConfigurationName = Release;
		};
/* End XCConfigurationList section */

/* Begin XCVersionGroup section */
		3F4F76CB2710AFB00032A48B /* SteamApp.xcdatamodeld */ = {
			isa = XCVersionGroup;
			children = (
				3F4F76CC2710AFB00032A48B /* SteamApp.xcdatamodel */,
			);
			currentVersion = 3F4F76CC2710AFB00032A48B /* SteamApp.xcdatamodel */;
			path = SteamApp.xcdatamodeld;
			sourceTree = "<group>";
			versionGroupType = wrapper.xcdatamodel;
		};
/* End XCVersionGroup section */
	};
	rootObject = 3F4F76B72710AFB00032A48B /* Project object */;
}
